// !$*UTF8*$!
{
	archiveVersion = 1;
	classes = {
	};
	objectVersion = 55;
	objects = {

/* Begin PBXBuildFile section */
		AD6EFD3627308E7500EF8973 /* AnyTransitionBootcamp.swift in Sources */ = {isa = PBXBuildFile; fileRef = AD6EFD3527308E7500EF8973 /* AnyTransitionBootcamp.swift */; };
		AD7723292732D96C00165A23 /* MatchedGeometryEffectBootcamp.swift in Sources */ = {isa = PBXBuildFile; fileRef = AD7723282732D96C00165A23 /* MatchedGeometryEffectBootcamp.swift */; };
		AD77232B2733181B00165A23 /* CustomShapesBootcamp.swift in Sources */ = {isa = PBXBuildFile; fileRef = AD77232A2733181B00165A23 /* CustomShapesBootcamp.swift */; };
		AD77232F27331E3700165A23 /* CustomCurvesBootcamp.swift in Sources */ = {isa = PBXBuildFile; fileRef = AD77232E27331E3700165A23 /* CustomCurvesBootcamp.swift */; };
		ADE952B52730542D00A53A35 /* SwiftUIAdvancedApp.swift in Sources */ = {isa = PBXBuildFile; fileRef = ADE952B42730542D00A53A35 /* SwiftUIAdvancedApp.swift */; };
		ADE952B92730542F00A53A35 /* Assets.xcassets in Resources */ = {isa = PBXBuildFile; fileRef = ADE952B82730542F00A53A35 /* Assets.xcassets */; };
		ADE952BC2730542F00A53A35 /* Preview Assets.xcassets in Resources */ = {isa = PBXBuildFile; fileRef = ADE952BB2730542F00A53A35 /* Preview Assets.xcassets */; };
		ADE952C32730546100A53A35 /* ViewModifierBootcamp.swift in Sources */ = {isa = PBXBuildFile; fileRef = ADE952C22730546100A53A35 /* ViewModifierBootcamp.swift */; };
		ADE952C52730693400A53A35 /* ButtonStyleBootcamp.swift in Sources */ = {isa = PBXBuildFile; fileRef = ADE952C42730693400A53A35 /* ButtonStyleBootcamp.swift */; };
		ADF8B9302734184800C491C9 /* AnimateableDataBootcamp.swift in Sources */ = {isa = PBXBuildFile; fileRef = ADF8B92F2734184800C491C9 /* AnimateableDataBootcamp.swift */; };
/* End PBXBuildFile section */

/* Begin PBXFileReference section */
		AD6EFD3527308E7500EF8973 /* AnyTransitionBootcamp.swift */ = {isa = PBXFileReference; lastKnownFileType = sourcecode.swift; path = AnyTransitionBootcamp.swift; sourceTree = "<group>"; };
		AD7723282732D96C00165A23 /* MatchedGeometryEffectBootcamp.swift */ = {isa = PBXFileReference; lastKnownFileType = sourcecode.swift; path = MatchedGeometryEffectBootcamp.swift; sourceTree = "<group>"; };
		AD77232A2733181B00165A23 /* CustomShapesBootcamp.swift */ = {isa = PBXFileReference; lastKnownFileType = sourcecode.swift; path = CustomShapesBootcamp.swift; sourceTree = "<group>"; };
		AD77232E27331E3700165A23 /* CustomCurvesBootcamp.swift */ = {isa = PBXFileReference; lastKnownFileType = sourcecode.swift; path = CustomCurvesBootcamp.swift; sourceTree = "<group>"; };
		ADE952B12730542D00A53A35 /* SwiftUIAdvanced.app */ = {isa = PBXFileReference; explicitFileType = wrapper.application; includeInIndex = 0; path = SwiftUIAdvanced.app; sourceTree = BUILT_PRODUCTS_DIR; };
		ADE952B42730542D00A53A35 /* SwiftUIAdvancedApp.swift */ = {isa = PBXFileReference; lastKnownFileType = sourcecode.swift; path = SwiftUIAdvancedApp.swift; sourceTree = "<group>"; };
		ADE952B82730542F00A53A35 /* Assets.xcassets */ = {isa = PBXFileReference; lastKnownFileType = folder.assetcatalog; path = Assets.xcassets; sourceTree = "<group>"; };
		ADE952BB2730542F00A53A35 /* Preview Assets.xcassets */ = {isa = PBXFileReference; lastKnownFileType = folder.assetcatalog; path = "Preview Assets.xcassets"; sourceTree = "<group>"; };
		ADE952C22730546100A53A35 /* ViewModifierBootcamp.swift */ = {isa = PBXFileReference; lastKnownFileType = sourcecode.swift; path = ViewModifierBootcamp.swift; sourceTree = "<group>"; };
		ADE952C42730693400A53A35 /* ButtonStyleBootcamp.swift */ = {isa = PBXFileReference; lastKnownFileType = sourcecode.swift; path = ButtonStyleBootcamp.swift; sourceTree = "<group>"; };
		ADF8B92F2734184800C491C9 /* AnimateableDataBootcamp.swift */ = {isa = PBXFileReference; lastKnownFileType = sourcecode.swift; path = AnimateableDataBootcamp.swift; sourceTree = "<group>"; };
/* End PBXFileReference section */

/* Begin PBXFrameworksBuildPhase section */
		ADE952AE2730542D00A53A35 /* Frameworks */ = {
			isa = PBXFrameworksBuildPhase;
			buildActionMask = 2147483647;
			files = (
			);
			runOnlyForDeploymentPostprocessing = 0;
		};
/* End PBXFrameworksBuildPhase section */

/* Begin PBXGroup section */
		AD7723272732D94800165A23 /* GeometryReader */ = {
			isa = PBXGroup;
			children = (
				AD7723282732D96C00165A23 /* MatchedGeometryEffectBootcamp.swift */,
			);
			path = GeometryReader;
			sourceTree = "<group>";
		};
		AD77232C2733182500165A23 /* Custom Shapes */ = {
			isa = PBXGroup;
			children = (
				AD77232A2733181B00165A23 /* CustomShapesBootcamp.swift */,
				AD77232E27331E3700165A23 /* CustomCurvesBootcamp.swift */,
				ADF8B92F2734184800C491C9 /* AnimateableDataBootcamp.swift */,
			);
			path = "Custom Shapes";
			sourceTree = "<group>";
		};
		ADE952A82730542D00A53A35 = {
			isa = PBXGroup;
			children = (
				ADE952B32730542D00A53A35 /* SwiftUIAdvanced */,
				ADE952B22730542D00A53A35 /* Products */,
			);
			sourceTree = "<group>";
		};
		ADE952B22730542D00A53A35 /* Products */ = {
			isa = PBXGroup;
			children = (
				ADE952B12730542D00A53A35 /* SwiftUIAdvanced.app */,
			);
			name = Products;
			sourceTree = "<group>";
		};
		ADE952B32730542D00A53A35 /* SwiftUIAdvanced */ = {
			isa = PBXGroup;
			children = (
				ADE952B42730542D00A53A35 /* SwiftUIAdvancedApp.swift */,
				AD77232C2733182500165A23 /* Custom Shapes */,
				AD7723272732D94800165A23 /* GeometryReader */,
				ADE952CA27308B7600A53A35 /* AnyTransition */,
				ADE952C62730693B00A53A35 /* ViewModifiers */,
				ADE952C72730694B00A53A35 /* ButtonStyle */,
				ADE952B82730542F00A53A35 /* Assets.xcassets */,
				ADE952BA2730542F00A53A35 /* Preview Content */,
			);
			path = SwiftUIAdvanced;
			sourceTree = "<group>";
		};
		ADE952BA2730542F00A53A35 /* Preview Content */ = {
			isa = PBXGroup;
			children = (
				ADE952BB2730542F00A53A35 /* Preview Assets.xcassets */,
			);
			path = "Preview Content";
			sourceTree = "<group>";
		};
		ADE952C62730693B00A53A35 /* ViewModifiers */ = {
			isa = PBXGroup;
			children = (
				ADE952C22730546100A53A35 /* ViewModifierBootcamp.swift */,
			);
			path = ViewModifiers;
			sourceTree = "<group>";
		};
		ADE952C72730694B00A53A35 /* ButtonStyle */ = {
			isa = PBXGroup;
			children = (
				ADE952C42730693400A53A35 /* ButtonStyleBootcamp.swift */,
			);
			path = ButtonStyle;
			sourceTree = "<group>";
		};
		ADE952CA27308B7600A53A35 /* AnyTransition */ = {
			isa = PBXGroup;
			children = (
				AD6EFD3527308E7500EF8973 /* AnyTransitionBootcamp.swift */,
			);
			path = AnyTransition;
			sourceTree = "<group>";
		};
/* End PBXGroup section */

/* Begin PBXNativeTarget section */
		ADE952B02730542D00A53A35 /* SwiftUIAdvanced */ = {
			isa = PBXNativeTarget;
			buildConfigurationList = ADE952BF2730542F00A53A35 /* Build configuration list for PBXNativeTarget "SwiftUIAdvanced" */;
			buildPhases = (
				ADE952AD2730542D00A53A35 /* Sources */,
				ADE952AE2730542D00A53A35 /* Frameworks */,
				ADE952AF2730542D00A53A35 /* Resources */,
			);
			buildRules = (
			);
			dependencies = (
			);
			name = SwiftUIAdvanced;
			productName = SwiftUIAdvanced;
			productReference = ADE952B12730542D00A53A35 /* SwiftUIAdvanced.app */;
			productType = "com.apple.product-type.application";
		};
/* End PBXNativeTarget section */

/* Begin PBXProject section */
		ADE952A92730542D00A53A35 /* Project object */ = {
			isa = PBXProject;
			attributes = {
				BuildIndependentTargetsInParallel = 1;
				LastSwiftUpdateCheck = 1310;
				LastUpgradeCheck = 1310;
				TargetAttributes = {
					ADE952B02730542D00A53A35 = {
						CreatedOnToolsVersion = 13.1;
					};
				};
			};
			buildConfigurationList = ADE952AC2730542D00A53A35 /* Build configuration list for PBXProject "SwiftUIAdvanced" */;
			compatibilityVersion = "Xcode 13.0";
			developmentRegion = en;
			hasScannedForEncodings = 0;
			knownRegions = (
				en,
				Base,
			);
			mainGroup = ADE952A82730542D00A53A35;
			productRefGroup = ADE952B22730542D00A53A35 /* Products */;
			projectDirPath = "";
			projectRoot = "";
			targets = (
				ADE952B02730542D00A53A35 /* SwiftUIAdvanced */,
			);
		};
/* End PBXProject section */

/* Begin PBXResourcesBuildPhase section */
		ADE952AF2730542D00A53A35 /* Resources */ = {
			isa = PBXResourcesBuildPhase;
			buildActionMask = 2147483647;
			files = (
				ADE952BC2730542F00A53A35 /* Preview Assets.xcassets in Resources */,
				ADE952B92730542F00A53A35 /* Assets.xcassets in Resources */,
			);
			runOnlyForDeploymentPostprocessing = 0;
		};
/* End PBXResourcesBuildPhase section */

/* Begin PBXSourcesBuildPhase section */
		ADE952AD2730542D00A53A35 /* Sources */ = {
			isa = PBXSourcesBuildPhase;
			buildActionMask = 2147483647;
			files = (
				ADE952C52730693400A53A35 /* ButtonStyleBootcamp.swift in Sources */,
				AD6EFD3627308E7500EF8973 /* AnyTransitionBootcamp.swift in Sources */,
				ADF8B9302734184800C491C9 /* AnimateableDataBootcamp.swift in Sources */,
				ADE952C32730546100A53A35 /* ViewModifierBootcamp.swift in Sources */,
				ADE952B52730542D00A53A35 /* SwiftUIAdvancedApp.swift in Sources */,
				AD7723292732D96C00165A23 /* MatchedGeometryEffectBootcamp.swift in Sources */,
				AD77232B2733181B00165A23 /* CustomShapesBootcamp.swift in Sources */,
				AD77232F27331E3700165A23 /* CustomCurvesBootcamp.swift in Sources */,
			);
			runOnlyForDeploymentPostprocessing = 0;
		};
/* End PBXSourcesBuildPhase section */

/* Begin XCBuildConfiguration section */
		ADE952BD2730542F00A53A35 /* Debug */ = {
			isa = XCBuildConfiguration;
			buildSettings = {
				ALWAYS_SEARCH_USER_PATHS = NO;
				CLANG_ANALYZER_NONNULL = YES;
				CLANG_ANALYZER_NUMBER_OBJECT_CONVERSION = YES_AGGRESSIVE;
				CLANG_CXX_LANGUAGE_STANDARD = "gnu++17";
				CLANG_CXX_LIBRARY = "libc++";
				CLANG_ENABLE_MODULES = YES;
				CLANG_ENABLE_OBJC_ARC = YES;
				CLANG_ENABLE_OBJC_WEAK = YES;
				CLANG_WARN_BLOCK_CAPTURE_AUTORELEASING = YES;
				CLANG_WARN_BOOL_CONVERSION = YES;
				CLANG_WARN_COMMA = YES;
				CLANG_WARN_CONSTANT_CONVERSION = YES;
				CLANG_WARN_DEPRECATED_OBJC_IMPLEMENTATIONS = YES;
				CLANG_WARN_DIRECT_OBJC_ISA_USAGE = YES_ERROR;
				CLANG_WARN_DOCUMENTATION_COMMENTS = YES;
				CLANG_WARN_EMPTY_BODY = YES;
				CLANG_WARN_ENUM_CONVERSION = YES;
				CLANG_WARN_INFINITE_RECURSION = YES;
				CLANG_WARN_INT_CONVERSION = YES;
				CLANG_WARN_NON_LITERAL_NULL_CONVERSION = YES;
				CLANG_WARN_OBJC_IMPLICIT_RETAIN_SELF = YES;
				CLANG_WARN_OBJC_LITERAL_CONVERSION = YES;
				CLANG_WARN_OBJC_ROOT_CLASS = YES_ERROR;
				CLANG_WARN_QUOTED_INCLUDE_IN_FRAMEWORK_HEADER = YES;
				CLANG_WARN_RANGE_LOOP_ANALYSIS = YES;
				CLANG_WARN_STRICT_PROTOTYPES = YES;
				CLANG_WARN_SUSPICIOUS_MOVE = YES;
				CLANG_WARN_UNGUARDED_AVAILABILITY = YES_AGGRESSIVE;
				CLANG_WARN_UNREACHABLE_CODE = YES;
				CLANG_WARN__DUPLICATE_METHOD_MATCH = YES;
				COPY_PHASE_STRIP = NO;
				DEBUG_INFORMATION_FORMAT = dwarf;
				ENABLE_STRICT_OBJC_MSGSEND = YES;
				ENABLE_TESTABILITY = YES;
				GCC_C_LANGUAGE_STANDARD = gnu11;
				GCC_DYNAMIC_NO_PIC = NO;
				GCC_NO_COMMON_BLOCKS = YES;
				GCC_OPTIMIZATION_LEVEL = 0;
				GCC_PREPROCESSOR_DEFINITIONS = (
					"DEBUG=1",
					"$(inherited)",
				);
				GCC_WARN_64_TO_32_BIT_CONVERSION = YES;
				GCC_WARN_ABOUT_RETURN_TYPE = YES_ERROR;
				GCC_WARN_UNDECLARED_SELECTOR = YES;
				GCC_WARN_UNINITIALIZED_AUTOS = YES_AGGRESSIVE;
				GCC_WARN_UNUSED_FUNCTION = YES;
				GCC_WARN_UNUSED_VARIABLE = YES;
				IPHONEOS_DEPLOYMENT_TARGET = 15.0;
				MTL_ENABLE_DEBUG_INFO = INCLUDE_SOURCE;
				MTL_FAST_MATH = YES;
				ONLY_ACTIVE_ARCH = YES;
				SDKROOT = iphoneos;
				SWIFT_ACTIVE_COMPILATION_CONDITIONS = DEBUG;
				SWIFT_OPTIMIZATION_LEVEL = "-Onone";
			};
			name = Debug;
		};
		ADE952BE2730542F00A53A35 /* Release */ = {
			isa = XCBuildConfiguration;
			buildSettings = {
				ALWAYS_SEARCH_USER_PATHS = NO;
				CLANG_ANALYZER_NONNULL = YES;
				CLANG_ANALYZER_NUMBER_OBJECT_CONVERSION = YES_AGGRESSIVE;
				CLANG_CXX_LANGUAGE_STANDARD = "gnu++17";
				CLANG_CXX_LIBRARY = "libc++";
				CLANG_ENABLE_MODULES = YES;
				CLANG_ENABLE_OBJC_ARC = YES;
				CLANG_ENABLE_OBJC_WEAK = YES;
				CLANG_WARN_BLOCK_CAPTURE_AUTORELEASING = YES;
				CLANG_WARN_BOOL_CONVERSION = YES;
				CLANG_WARN_COMMA = YES;
				CLANG_WARN_CONSTANT_CONVERSION = YES;
				CLANG_WARN_DEPRECATED_OBJC_IMPLEMENTATIONS = YES;
				CLANG_WARN_DIRECT_OBJC_ISA_USAGE = YES_ERROR;
				CLANG_WARN_DOCUMENTATION_COMMENTS = YES;
				CLANG_WARN_EMPTY_BODY = YES;
				CLANG_WARN_ENUM_CONVERSION = YES;
				CLANG_WARN_INFINITE_RECURSION = YES;
				CLANG_WARN_INT_CONVERSION = YES;
				CLANG_WARN_NON_LITERAL_NULL_CONVERSION = YES;
				CLANG_WARN_OBJC_IMPLICIT_RETAIN_SELF = YES;
				CLANG_WARN_OBJC_LITERAL_CONVERSION = YES;
				CLANG_WARN_OBJC_ROOT_CLASS = YES_ERROR;
				CLANG_WARN_QUOTED_INCLUDE_IN_FRAMEWORK_HEADER = YES;
				CLANG_WARN_RANGE_LOOP_ANALYSIS = YES;
				CLANG_WARN_STRICT_PROTOTYPES = YES;
				CLANG_WARN_SUSPICIOUS_MOVE = YES;
				CLANG_WARN_UNGUARDED_AVAILABILITY = YES_AGGRESSIVE;
				CLANG_WARN_UNREACHABLE_CODE = YES;
				CLANG_WARN__DUPLICATE_METHOD_MATCH = YES;
				COPY_PHASE_STRIP = NO;
				DEBUG_INFORMATION_FORMAT = "dwarf-with-dsym";
				ENABLE_NS_ASSERTIONS = NO;
				ENABLE_STRICT_OBJC_MSGSEND = YES;
				GCC_C_LANGUAGE_STANDARD = gnu11;
				GCC_NO_COMMON_BLOCKS = YES;
				GCC_WARN_64_TO_32_BIT_CONVERSION = YES;
				GCC_WARN_ABOUT_RETURN_TYPE = YES_ERROR;
				GCC_WARN_UNDECLARED_SELECTOR = YES;
				GCC_WARN_UNINITIALIZED_AUTOS = YES_AGGRESSIVE;
				GCC_WARN_UNUSED_FUNCTION = YES;
				GCC_WARN_UNUSED_VARIABLE = YES;
				IPHONEOS_DEPLOYMENT_TARGET = 15.0;
				MTL_ENABLE_DEBUG_INFO = NO;
				MTL_FAST_MATH = YES;
				SDKROOT = iphoneos;
				SWIFT_COMPILATION_MODE = wholemodule;
				SWIFT_OPTIMIZATION_LEVEL = "-O";
				VALIDATE_PRODUCT = YES;
			};
			name = Release;
		};
		ADE952C02730542F00A53A35 /* Debug */ = {
			isa = XCBuildConfiguration;
			buildSettings = {
				ASSETCATALOG_COMPILER_APPICON_NAME = AppIcon;
				ASSETCATALOG_COMPILER_GLOBAL_ACCENT_COLOR_NAME = AccentColor;
				CODE_SIGN_STYLE = Automatic;
				CURRENT_PROJECT_VERSION = 1;
				DEVELOPMENT_ASSET_PATHS = "\"SwiftUIAdvanced/Preview Content\"";
				DEVELOPMENT_TEAM = CF655ESNGC;
				ENABLE_PREVIEWS = YES;
				GENERATE_INFOPLIST_FILE = YES;
				INFOPLIST_KEY_UIApplicationSceneManifest_Generation = YES;
				INFOPLIST_KEY_UIApplicationSupportsIndirectInputEvents = YES;
				INFOPLIST_KEY_UILaunchScreen_Generation = YES;
				INFOPLIST_KEY_UISupportedInterfaceOrientations_iPad = "UIInterfaceOrientationPortrait UIInterfaceOrientationPortraitUpsideDown UIInterfaceOrientationLandscapeLeft UIInterfaceOrientationLandscapeRight";
				INFOPLIST_KEY_UISupportedInterfaceOrientations_iPhone = "UIInterfaceOrientationPortrait UIInterfaceOrientationLandscapeLeft UIInterfaceOrientationLandscapeRight";
				LD_RUNPATH_SEARCH_PATHS = (
					"$(inherited)",
					"@executable_path/Frameworks",
				);
				MARKETING_VERSION = 1.0;
				PRODUCT_BUNDLE_IDENTIFIER = com.baralabs.SwiftUIAdvanced;
				PRODUCT_NAME = "$(TARGET_NAME)";
				SWIFT_EMIT_LOC_STRINGS = YES;
				SWIFT_VERSION = 5.0;
				TARGETED_DEVICE_FAMILY = "1,2";
			};
			name = Debug;
		};
		ADE952C12730542F00A53A35 /* Release */ = {
			isa = XCBuildConfiguration;
			buildSettings = {
				ASSETCATALOG_COMPILER_APPICON_NAME = AppIcon;
				ASSETCATALOG_COMPILER_GLOBAL_ACCENT_COLOR_NAME = AccentColor;
				CODE_SIGN_STYLE = Automatic;
				CURRENT_PROJECT_VERSION = 1;
				DEVELOPMENT_ASSET_PATHS = "\"SwiftUIAdvanced/Preview Content\"";
				DEVELOPMENT_TEAM = CF655ESNGC;
				ENABLE_PREVIEWS = YES;
				GENERATE_INFOPLIST_FILE = YES;
				INFOPLIST_KEY_UIApplicationSceneManifest_Generation = YES;
				INFOPLIST_KEY_UIApplicationSupportsIndirectInputEvents = YES;
				INFOPLIST_KEY_UILaunchScreen_Generation = YES;
				INFOPLIST_KEY_UISupportedInterfaceOrientations_iPad = "UIInterfaceOrientationPortrait UIInterfaceOrientationPortraitUpsideDown UIInterfaceOrientationLandscapeLeft UIInterfaceOrientationLandscapeRight";
				INFOPLIST_KEY_UISupportedInterfaceOrientations_iPhone = "UIInterfaceOrientationPortrait UIInterfaceOrientationLandscapeLeft UIInterfaceOrientationLandscapeRight";
				LD_RUNPATH_SEARCH_PATHS = (
					"$(inherited)",
					"@executable_path/Frameworks",
				);
				MARKETING_VERSION = 1.0;
				PRODUCT_BUNDLE_IDENTIFIER = com.baralabs.SwiftUIAdvanced;
				PRODUCT_NAME = "$(TARGET_NAME)";
				SWIFT_EMIT_LOC_STRINGS = YES;
				SWIFT_VERSION = 5.0;
				TARGETED_DEVICE_FAMILY = "1,2";
			};
			name = Release;
		};
/* End XCBuildConfiguration section */

/* Begin XCConfigurationList section */
		ADE952AC2730542D00A53A35 /* Build configuration list for PBXProject "SwiftUIAdvanced" */ = {
			isa = XCConfigurationList;
			buildConfigurations = (
				ADE952BD2730542F00A53A35 /* Debug */,
				ADE952BE2730542F00A53A35 /* Release */,
			);
			defaultConfigurationIsVisible = 0;
			defaultConfigurationName = Release;
		};
		ADE952BF2730542F00A53A35 /* Build configuration list for PBXNativeTarget "SwiftUIAdvanced" */ = {
			isa = XCConfigurationList;
			buildConfigurations = (
				ADE952C02730542F00A53A35 /* Debug */,
				ADE952C12730542F00A53A35 /* Release */,
			);
			defaultConfigurationIsVisible = 0;
			defaultConfigurationName = Release;
		};
/* End XCConfigurationList section */
	};
	rootObject = ADE952A92730542D00A53A35 /* Project object */;
}
